{
  "version": 4,
  "terraform_version": "1.14.0",
  "serial": 34,
  "lineage": "d10c2e2b-c3fe-daab-7caf-0a2d13e3f08e",
  "outputs": {
    "artifact_registry_repository": {
      "value": "tfm",
      "type": "string"
    },
    "gke_ca_certificate": {
      "value": "LS0tLS1CRUdJTiBDRVJUSUZJQ0FURS0tLS0tCk1JSUVMRENDQXBTZ0F3SUJBZ0lRZWlDU2ZxSDJHRHV5b0ZHTWM3eW44REFOQmdrcWhraUc5dzBCQVFzRkFEQXYKTVMwd0t3WURWUVFERXlRM1lUUmxaR1F4TVMwMU1HVmlMVFJqWlRndFltSmxNeTFsTldZMFlqUXpNbUZoTmpNdwpJQmNOTWpVeE1UTXdNakUwTmpFNFdoZ1BNakExTlRFeE1qTXlNalEyTVRoYU1DOHhMVEFyQmdOVkJBTVRKRGRoCk5HVmtaREV4TFRVd1pXSXROR05sT0MxaVltVXpMV1UxWmpSaU5ETXlZV0UyTXpDQ0FhSXdEUVlKS29aSWh2Y04KQVFFQkJRQURnZ0dQQURDQ0FZb0NnZ0dCQUo1eGNNcVhYdCtib1AzTEswN2c1MFFMQU5HYzNCNXliOEhwTEJKUgpYSnhNUEdsNnB6a2lqRFpwaXI5Wjd3UmRjUE9IT25GTU5ieDV3V1ozblprbXdoclJhR1pkcHpJMG1ybHNhZkVmCkp6ZXhSNnE2Y2lyNzEreGwyOXpVcjIzV0FINHVwYmxTaXVldTVxbU1DQ2IwVXNnVDlVcEFIKzFKYlZDU2JTM1IKa1hGdGI2b3FQYWZqRlBOT1oxTXduNVQxcjFUc0taNC9DOUhraTJ3b2ZQSUxXWS9wMEZrZTZqeHg3VzNhUW81RQp4TTJlTFZ5OUo4RUNIUjEyU2J3aW9DNDB5bGlWS2ViQWgxd1FSZDcrWThYWDN1UjJIdW1jVURxQnp6K3h4VXRNCmxyamcvZm1ZMHovcXlRVVhnOW05bU9pQjVWdUNkaUE2QlkvMDIweU9kb0JnYkYrQWVCYzVValNjVVF4UlF3Zi8KcFUxTlMxZSttejRpOHpyRlRnYURncG9Uam1Bdm9qNmN6TVBRam92ejZxenMxU2dnNkJVdjlqRVhYeUNzVHNMWQpTTVoyNkliSzFsVy9nMmxJVVhCQmh0V2RlYjN5dTZkcnk1ZTJzR0hiVjlqdG1uQUVqM0NGZkJNZXlkZURPUUtQCjQwWDJMcSthQ1BtYUhPMjZyMXovZWxPZkZ3SURBUUFCbzBJd1FEQU9CZ05WSFE4QkFmOEVCQU1DQWdRd0R3WUQKVlIwVEFRSC9CQVV3QXdFQi96QWRCZ05WSFE0RUZnUVVyZVVHcjlRSzdneTVoNFM4NXJaVWhUWlNJQzh3RFFZSgpLb1pJaHZjTkFRRUxCUUFEZ2dHQkFKV3JJejlaaHRoZWJISG5lK242cC9wRnhWaFl6Yk5kZlA1Q0YyaFAwOC9iCnAwNDdKMkpFM3dLeHBKR3I1K2YwUlVKdmZydTJudHhMeWMwZk5CZlA4TkFqWDJreEo3bXp3YTZBM09RWUszSS8KZzNCV0N4SUdzMFJmdnB1MnYxdlIzQWVENnV6b3RlaE0vWE9zL3JEQjhhZGpJK0dJcGR5YjdZeTMrUHplVkFZWApSREhvRDRGTjdXUXRQZE9ZU0hlUGk5YTNQbzNZTFpxeTFPek1VdTcxSW1xMHRaUm92QUNWd1pGdk9xQ0tYTThRCjh3QzNIemp1dlZ6M1pSZW1kK0huSnFxckU5RzU0elJSQU5QZlJzRGpiR1NlSzN0SzJQUStIMTQ0R1B5S0FIa04KZzNvQkpvYUdDamNPcjdTV29TNTU4TkFJS0RqbE1aVGZMaU1xTEdrQnJXT1pOWkd3L0VabG5JR1FhWnk2Wkp6QQpJSXpUOXlNRkRnMmhsSXFoaUFPY2lsWkd5dkQyUStGTE9pa09UYkpMdmJXVU1yWWtZRmtXdEV2SVgwTVk4TTVoCkV6TnJwYXlqbmNyTWxMTUloczkyMHFOUWl5L21wODdaN0dneTYyMW4wYTJQWTBNK0NIc082STgrMDZUNnNNWUsKOXloVVFINWx4d1VZSUpCU2NoRHdxdz09Ci0tLS0tRU5EIENFUlRJRklDQVRFLS0tLS0K",
      "type": "string"
    },
    "gke_cluster_name": {
      "value": "tfm-gke",
      "type": "string"
    },
    "gke_endpoint": {
      "value": "34.122.101.15",
      "type": "string"
    }
  },
  "resources": [
    {
      "mode": "managed",
      "type": "google_artifact_registry_repository",
      "name": "tfm",
      "provider": "provider[\"registry.terraform.io/hashicorp/google\"]",
      "instances": [
        {
          "schema_version": 0,
          "attributes": {
            "cleanup_policies": [],
            "cleanup_policy_dry_run": false,
            "create_time": "2025-11-30T23:32:08.719760Z",
            "description": "Repo for tfm images",
            "docker_config": [],
            "effective_labels": {},
            "format": "DOCKER",
            "id": "projects/tfm-kubernetes/locations/us-central1/repositories/tfm",
            "kms_key_name": "",
            "labels": {},
            "location": "us-central1",
            "maven_config": [],
            "mode": "STANDARD_REPOSITORY",
            "name": "tfm",
            "project": "tfm-kubernetes",
            "remote_repository_config": [],
            "repository_id": "tfm",
            "terraform_labels": {},
            "timeouts": null,
            "update_time": "2025-12-01T00:20:46.624527Z",
            "virtual_repository_config": []
          },
          "sensitive_attributes": [],
          "identity_schema_version": 0,
          "private": "eyJlMmJmYjczMC1lY2FhLTExZTYtOGY4OC0zNDM2M2JjN2M0YzAiOnsiY3JlYXRlIjoxMjAwMDAwMDAwMDAwLCJkZWxldGUiOjEyMDAwMDAwMDAwMDAsInVwZGF0ZSI6MTIwMDAwMDAwMDAwMH19"
        }
      ]
    },
    {
      "mode": "managed",
      "type": "google_compute_network",
      "name": "gke",
      "provider": "provider[\"registry.terraform.io/hashicorp/google\"]",
      "instances": [
        {
          "schema_version": 0,
          "attributes": {
            "auto_create_subnetworks": false,
            "delete_default_routes_on_create": false,
            "description": "",
            "enable_ula_internal_ipv6": false,
            "gateway_ipv4": "",
            "id": "projects/tfm-kubernetes/global/networks/tfm-gke-net",
            "internal_ipv6_range": "",
            "mtu": 0,
            "name": "tfm-gke-net",
            "network_firewall_policy_enforcement_order": "AFTER_CLASSIC_FIREWALL",
            "numeric_id": "5049316152149375418",
            "project": "tfm-kubernetes",
            "routing_mode": "REGIONAL",
            "self_link": "https://www.googleapis.com/compute/v1/projects/tfm-kubernetes/global/networks/tfm-gke-net",
            "timeouts": null
          },
          "sensitive_attributes": [],
          "identity_schema_version": 0,
          "private": "eyJlMmJmYjczMC1lY2FhLTExZTYtOGY4OC0zNDM2M2JjN2M0YzAiOnsiY3JlYXRlIjoxMjAwMDAwMDAwMDAwLCJkZWxldGUiOjEyMDAwMDAwMDAwMDAsInVwZGF0ZSI6MTIwMDAwMDAwMDAwMH19"
        }
      ]
    },
    {
      "mode": "managed",
      "type": "google_compute_subnetwork",
      "name": "gke",
      "provider": "provider[\"registry.terraform.io/hashicorp/google\"]",
      "instances": [
        {
          "schema_version": 0,
          "attributes": {
            "creation_timestamp": "2025-11-30T14:38:37.108-08:00",
            "description": "",
            "external_ipv6_prefix": "",
            "fingerprint": null,
            "gateway_address": "10.10.0.1",
            "id": "projects/tfm-kubernetes/regions/us-central1/subnetworks/tfm-gke-subnet",
            "internal_ipv6_prefix": "",
            "ip_cidr_range": "10.10.0.0/24",
            "ipv6_access_type": "",
            "ipv6_cidr_range": "",
            "log_config": [],
            "name": "tfm-gke-subnet",
            "network": "https://www.googleapis.com/compute/v1/projects/tfm-kubernetes/global/networks/tfm-gke-net",
            "private_ip_google_access": true,
            "private_ipv6_google_access": "DISABLE_GOOGLE_ACCESS",
            "project": "tfm-kubernetes",
            "purpose": "PRIVATE",
            "region": "us-central1",
            "role": "",
            "secondary_ip_range": [
              {
                "ip_cidr_range": "10.20.0.0/18",
                "range_name": "tfm-gke-subnet-pods"
              },
              {
                "ip_cidr_range": "10.30.0.0/24",
                "range_name": "tfm-gke-subnet-services"
              }
            ],
            "self_link": "https://www.googleapis.com/compute/v1/projects/tfm-kubernetes/regions/us-central1/subnetworks/tfm-gke-subnet",
            "send_secondary_ip_range_if_empty": null,
            "stack_type": "IPV4_ONLY",
            "timeouts": null
          },
          "sensitive_attributes": [],
          "identity_schema_version": 0,
          "private": "eyJlMmJmYjczMC1lY2FhLTExZTYtOGY4OC0zNDM2M2JjN2M0YzAiOnsiY3JlYXRlIjoxMjAwMDAwMDAwMDAwLCJkZWxldGUiOjEyMDAwMDAwMDAwMDAsInVwZGF0ZSI6MTIwMDAwMDAwMDAwMH19",
          "dependencies": [
            "google_compute_network.gke"
          ]
        }
      ]
    },
    {
      "mode": "managed",
      "type": "google_container_cluster",
      "name": "primary",
      "provider": "provider[\"registry.terraform.io/hashicorp/google\"]",
      "instances": [
        {
          "schema_version": 2,
          "attributes": {
            "addons_config": [
              {
                "cloudrun_config": [],
                "config_connector_config": [],
                "dns_cache_config": [],
                "gce_persistent_disk_csi_driver_config": [
                  {
                    "enabled": true
                  }
                ],
                "gcp_filestore_csi_driver_config": [],
                "gcs_fuse_csi_driver_config": [],
                "gke_backup_agent_config": [],
                "horizontal_pod_autoscaling": [
                  {
                    "disabled": false
                  }
                ],
                "http_load_balancing": [
                  {
                    "disabled": false
                  }
                ],
                "network_policy_config": [
                  {
                    "disabled": true
                  }
                ],
                "ray_operator_config": [],
                "stateful_ha_config": []
              }
            ],
            "allow_net_admin": null,
            "authenticator_groups_config": [],
            "binary_authorization": [
              {
                "enabled": false,
                "evaluation_mode": ""
              }
            ],
            "cluster_autoscaling": [
              {
                "auto_provisioning_defaults": [],
                "auto_provisioning_locations": [],
                "autoscaling_profile": "BALANCED",
                "enabled": false,
                "resource_limits": []
              }
            ],
            "cluster_ipv4_cidr": "10.20.0.0/18",
            "confidential_nodes": [],
            "cost_management_config": [],
            "database_encryption": [
              {
                "key_name": "",
                "state": "DECRYPTED"
              }
            ],
            "datapath_provider": "",
            "default_max_pods_per_node": 110,
            "default_snat_status": [
              {
                "disabled": false
              }
            ],
            "deletion_protection": true,
            "description": "",
            "dns_config": [],
            "enable_autopilot": false,
            "enable_cilium_clusterwide_network_policy": false,
            "enable_intranode_visibility": false,
            "enable_k8s_beta_apis": [],
            "enable_kubernetes_alpha": false,
            "enable_l4_ilb_subsetting": false,
            "enable_legacy_abac": false,
            "enable_multi_networking": false,
            "enable_shielded_nodes": true,
            "enable_tpu": false,
            "endpoint": "34.122.101.15",
            "fleet": [],
            "gateway_api_config": [],
            "id": "projects/tfm-kubernetes/locations/us-central1-a/clusters/tfm-gke",
            "identity_service_config": [],
            "initial_node_count": 1,
            "ip_allocation_policy": [
              {
                "additional_pod_ranges_config": [],
                "cluster_ipv4_cidr_block": "10.20.0.0/18",
                "cluster_secondary_range_name": "tfm-gke-subnet-pods",
                "pod_cidr_overprovision_config": [
                  {
                    "disabled": false
                  }
                ],
                "services_ipv4_cidr_block": "10.30.0.0/24",
                "services_secondary_range_name": "tfm-gke-subnet-services",
                "stack_type": "IPV4"
              }
            ],
            "label_fingerprint": "a9dc16a7",
            "location": "us-central1-a",
            "logging_config": [
              {
                "enable_components": [
                  "SYSTEM_COMPONENTS",
                  "WORKLOADS"
                ]
              }
            ],
            "logging_service": "logging.googleapis.com/kubernetes",
            "maintenance_policy": [],
            "master_auth": [
              {
                "client_certificate": "",
                "client_certificate_config": [
                  {
                    "issue_client_certificate": false
                  }
                ],
                "client_key": "",
                "cluster_ca_certificate": "LS0tLS1CRUdJTiBDRVJUSUZJQ0FURS0tLS0tCk1JSUVMRENDQXBTZ0F3SUJBZ0lRZWlDU2ZxSDJHRHV5b0ZHTWM3eW44REFOQmdrcWhraUc5dzBCQVFzRkFEQXYKTVMwd0t3WURWUVFERXlRM1lUUmxaR1F4TVMwMU1HVmlMVFJqWlRndFltSmxNeTFsTldZMFlqUXpNbUZoTmpNdwpJQmNOTWpVeE1UTXdNakUwTmpFNFdoZ1BNakExTlRFeE1qTXlNalEyTVRoYU1DOHhMVEFyQmdOVkJBTVRKRGRoCk5HVmtaREV4TFRVd1pXSXROR05sT0MxaVltVXpMV1UxWmpSaU5ETXlZV0UyTXpDQ0FhSXdEUVlKS29aSWh2Y04KQVFFQkJRQURnZ0dQQURDQ0FZb0NnZ0dCQUo1eGNNcVhYdCtib1AzTEswN2c1MFFMQU5HYzNCNXliOEhwTEJKUgpYSnhNUEdsNnB6a2lqRFpwaXI5Wjd3UmRjUE9IT25GTU5ieDV3V1ozblprbXdoclJhR1pkcHpJMG1ybHNhZkVmCkp6ZXhSNnE2Y2lyNzEreGwyOXpVcjIzV0FINHVwYmxTaXVldTVxbU1DQ2IwVXNnVDlVcEFIKzFKYlZDU2JTM1IKa1hGdGI2b3FQYWZqRlBOT1oxTXduNVQxcjFUc0taNC9DOUhraTJ3b2ZQSUxXWS9wMEZrZTZqeHg3VzNhUW81RQp4TTJlTFZ5OUo4RUNIUjEyU2J3aW9DNDB5bGlWS2ViQWgxd1FSZDcrWThYWDN1UjJIdW1jVURxQnp6K3h4VXRNCmxyamcvZm1ZMHovcXlRVVhnOW05bU9pQjVWdUNkaUE2QlkvMDIweU9kb0JnYkYrQWVCYzVValNjVVF4UlF3Zi8KcFUxTlMxZSttejRpOHpyRlRnYURncG9Uam1Bdm9qNmN6TVBRam92ejZxenMxU2dnNkJVdjlqRVhYeUNzVHNMWQpTTVoyNkliSzFsVy9nMmxJVVhCQmh0V2RlYjN5dTZkcnk1ZTJzR0hiVjlqdG1uQUVqM0NGZkJNZXlkZURPUUtQCjQwWDJMcSthQ1BtYUhPMjZyMXovZWxPZkZ3SURBUUFCbzBJd1FEQU9CZ05WSFE4QkFmOEVCQU1DQWdRd0R3WUQKVlIwVEFRSC9CQVV3QXdFQi96QWRCZ05WSFE0RUZnUVVyZVVHcjlRSzdneTVoNFM4NXJaVWhUWlNJQzh3RFFZSgpLb1pJaHZjTkFRRUxCUUFEZ2dHQkFKV3JJejlaaHRoZWJISG5lK242cC9wRnhWaFl6Yk5kZlA1Q0YyaFAwOC9iCnAwNDdKMkpFM3dLeHBKR3I1K2YwUlVKdmZydTJudHhMeWMwZk5CZlA4TkFqWDJreEo3bXp3YTZBM09RWUszSS8KZzNCV0N4SUdzMFJmdnB1MnYxdlIzQWVENnV6b3RlaE0vWE9zL3JEQjhhZGpJK0dJcGR5YjdZeTMrUHplVkFZWApSREhvRDRGTjdXUXRQZE9ZU0hlUGk5YTNQbzNZTFpxeTFPek1VdTcxSW1xMHRaUm92QUNWd1pGdk9xQ0tYTThRCjh3QzNIemp1dlZ6M1pSZW1kK0huSnFxckU5RzU0elJSQU5QZlJzRGpiR1NlSzN0SzJQUStIMTQ0R1B5S0FIa04KZzNvQkpvYUdDamNPcjdTV29TNTU4TkFJS0RqbE1aVGZMaU1xTEdrQnJXT1pOWkd3L0VabG5JR1FhWnk2Wkp6QQpJSXpUOXlNRkRnMmhsSXFoaUFPY2lsWkd5dkQyUStGTE9pa09UYkpMdmJXVU1yWWtZRmtXdEV2SVgwTVk4TTVoCkV6TnJwYXlqbmNyTWxMTUloczkyMHFOUWl5L21wODdaN0dneTYyMW4wYTJQWTBNK0NIc082STgrMDZUNnNNWUsKOXloVVFINWx4d1VZSUpCU2NoRHdxdz09Ci0tLS0tRU5EIENFUlRJRklDQVRFLS0tLS0K"
              }
            ],
            "master_authorized_networks_config": [
              {
                "cidr_blocks": [
                  {
                    "cidr_block": "0.0.0.0/0",
                    "display_name": "admin-0"
                  }
                ],
                "gcp_public_cidrs_access_enabled": false
              }
            ],
            "master_version": "1.33.5-gke.1201000",
            "mesh_certificates": [],
            "min_master_version": null,
            "monitoring_config": [
              {
                "advanced_datapath_observability_config": [
                  {
                    "enable_metrics": false,
                    "enable_relay": false,
                    "relay_mode": "DISABLED"
                  }
                ],
                "enable_components": [
                  "SYSTEM_COMPONENTS"
                ],
                "managed_prometheus": [
                  {
                    "enabled": true
                  }
                ]
              }
            ],
            "monitoring_service": "monitoring.googleapis.com/kubernetes",
            "name": "tfm-gke",
            "network": "projects/tfm-kubernetes/global/networks/tfm-gke-net",
            "network_policy": [
              {
                "enabled": false,
                "provider": "PROVIDER_UNSPECIFIED"
              }
            ],
            "networking_mode": "VPC_NATIVE",
            "node_config": [
              {
                "advanced_machine_features": [],
                "boot_disk_kms_key": "",
                "confidential_nodes": [],
                "containerd_config": [],
                "disk_size_gb": 50,
                "disk_type": "pd-balanced",
                "effective_taints": [],
                "enable_confidential_storage": false,
                "ephemeral_storage_local_ssd_config": [],
                "fast_socket": [],
                "gcfs_config": [],
                "guest_accelerator": [],
                "gvnic": [],
                "host_maintenance_policy": [],
                "image_type": "COS_CONTAINERD",
                "kubelet_config": [
                  {
                    "cpu_cfs_quota": false,
                    "cpu_cfs_quota_period": "",
                    "cpu_manager_policy": "",
                    "insecure_kubelet_readonly_port_enabled": "FALSE",
                    "pod_pids_limit": 0
                  }
                ],
                "labels": {
                  "cost_optimized": "true",
                  "env": "tfm"
                },
                "linux_node_config": [],
                "local_nvme_ssd_block_config": [],
                "local_ssd_count": 0,
                "logging_variant": "DEFAULT",
                "machine_type": "e2-small",
                "metadata": {
                  "disable-legacy-endpoints": "true"
                },
                "min_cpu_platform": "",
                "node_group": "",
                "oauth_scopes": [
                  "https://www.googleapis.com/auth/cloud-platform"
                ],
                "preemptible": false,
                "reservation_affinity": [],
                "resource_labels": {
                  "goog-gke-node-pool-provisioning-model": "spot"
                },
                "resource_manager_tags": {},
                "secondary_boot_disks": [],
                "service_account": "default",
                "shielded_instance_config": [
                  {
                    "enable_integrity_monitoring": true,
                    "enable_secure_boot": true
                  }
                ],
                "sole_tenant_config": [],
                "spot": true,
                "tags": [
                  "gke-node"
                ],
                "taint": [],
                "workload_metadata_config": [
                  {
                    "mode": "GKE_METADATA"
                  }
                ]
              }
            ],
            "node_locations": [],
            "node_pool": [
              {
                "autoscaling": [
                  {
                    "location_policy": "ANY",
                    "max_node_count": 3,
                    "min_node_count": 1,
                    "total_max_node_count": 0,
                    "total_min_node_count": 0
                  }
                ],
                "initial_node_count": 1,
                "instance_group_urls": [
                  "https://www.googleapis.com/compute/v1/projects/tfm-kubernetes/zones/us-central1-a/instanceGroupManagers/gke-tfm-gke-tfm-gke-pool-eca20d9a-grp"
                ],
                "managed_instance_group_urls": [
                  "https://www.googleapis.com/compute/v1/projects/tfm-kubernetes/zones/us-central1-a/instanceGroups/gke-tfm-gke-tfm-gke-pool-eca20d9a-grp"
                ],
                "management": [
                  {
                    "auto_repair": true,
                    "auto_upgrade": true
                  }
                ],
                "max_pods_per_node": 110,
                "name": "tfm-gke-pool",
                "name_prefix": "",
                "network_config": [
                  {
                    "additional_node_network_configs": [],
                    "additional_pod_network_configs": [],
                    "create_pod_range": false,
                    "enable_private_nodes": false,
                    "network_performance_config": [],
                    "pod_cidr_overprovision_config": [],
                    "pod_ipv4_cidr_block": "10.20.0.0/18",
                    "pod_range": "tfm-gke-subnet-pods"
                  }
                ],
                "node_config": [
                  {
                    "advanced_machine_features": [],
                    "boot_disk_kms_key": "",
                    "confidential_nodes": [],
                    "containerd_config": [],
                    "disk_size_gb": 50,
                    "disk_type": "pd-balanced",
                    "effective_taints": [],
                    "enable_confidential_storage": false,
                    "ephemeral_storage_local_ssd_config": [],
                    "fast_socket": [],
                    "gcfs_config": [],
                    "guest_accelerator": [],
                    "gvnic": [],
                    "host_maintenance_policy": [],
                    "image_type": "COS_CONTAINERD",
                    "kubelet_config": [
                      {
                        "cpu_cfs_quota": false,
                        "cpu_cfs_quota_period": "",
                        "cpu_manager_policy": "",
                        "insecure_kubelet_readonly_port_enabled": "FALSE",
                        "pod_pids_limit": 0
                      }
                    ],
                    "labels": {
                      "cost_optimized": "true",
                      "env": "tfm"
                    },
                    "linux_node_config": [],
                    "local_nvme_ssd_block_config": [],
                    "local_ssd_count": 0,
                    "logging_variant": "DEFAULT",
                    "machine_type": "e2-small",
                    "metadata": {
                      "disable-legacy-endpoints": "true"
                    },
                    "min_cpu_platform": "",
                    "node_group": "",
                    "oauth_scopes": [
                      "https://www.googleapis.com/auth/cloud-platform"
                    ],
                    "preemptible": false,
                    "reservation_affinity": [],
                    "resource_labels": {
                      "goog-gke-node-pool-provisioning-model": "spot"
                    },
                    "resource_manager_tags": {},
                    "secondary_boot_disks": [],
                    "service_account": "default",
                    "shielded_instance_config": [
                      {
                        "enable_integrity_monitoring": true,
                        "enable_secure_boot": true
                      }
                    ],
                    "sole_tenant_config": [],
                    "spot": true,
                    "tags": [
                      "gke-node"
                    ],
                    "taint": [],
                    "workload_metadata_config": [
                      {
                        "mode": "GKE_METADATA"
                      }
                    ]
                  }
                ],
                "node_count": 1,
                "node_locations": [
                  "us-central1-a"
                ],
                "placement_policy": [],
                "queued_provisioning": [],
                "upgrade_settings": [
                  {
                    "blue_green_settings": [],
                    "max_surge": 1,
                    "max_unavailable": 0,
                    "strategy": "SURGE"
                  }
                ],
                "version": "1.33.5-gke.1201000"
              }
            ],
            "node_pool_auto_config": [
              {
                "network_tags": [],
                "node_kubelet_config": [
                  {
                    "insecure_kubelet_readonly_port_enabled": "FALSE"
                  }
                ],
                "resource_manager_tags": {}
              }
            ],
            "node_pool_defaults": [
              {
                "node_config_defaults": [
                  {
                    "containerd_config": [],
                    "insecure_kubelet_readonly_port_enabled": "FALSE",
                    "logging_variant": "DEFAULT"
                  }
                ]
              }
            ],
            "node_version": "1.33.5-gke.1201000",
            "notification_config": [
              {
                "pubsub": [
                  {
                    "enabled": false,
                    "filter": [],
                    "topic": ""
                  }
                ]
              }
            ],
            "operation": null,
            "private_cluster_config": [
              {
                "enable_private_endpoint": false,
                "enable_private_nodes": false,
                "master_global_access_config": [
                  {
                    "enabled": false
                  }
                ],
                "master_ipv4_cidr_block": "",
                "peering_name": "",
                "private_endpoint": "10.10.0.2",
                "private_endpoint_subnetwork": "",
                "public_endpoint": "34.122.101.15"
              }
            ],
            "private_ipv6_google_access": "",
            "project": "tfm-kubernetes",
            "release_channel": [
              {
                "channel": "REGULAR"
              }
            ],
            "remove_default_node_pool": true,
            "resource_labels": {},
            "resource_usage_export_config": [],
            "security_posture_config": [
              {
                "mode": "BASIC",
                "vulnerability_mode": "VULNERABILITY_MODE_UNSPECIFIED"
              }
            ],
            "self_link": "https://container.googleapis.com/v1/projects/tfm-kubernetes/zones/us-central1-a/clusters/tfm-gke",
            "service_external_ips_config": [
              {
                "enabled": false
              }
            ],
            "services_ipv4_cidr": "10.30.0.0/24",
            "subnetwork": "projects/tfm-kubernetes/regions/us-central1/subnetworks/tfm-gke-subnet",
            "timeouts": null,
            "tpu_ipv4_cidr_block": "",
            "vertical_pod_autoscaling": [],
            "workload_identity_config": [
              {
                "workload_pool": "tfm-kubernetes.svc.id.goog"
              }
            ]
          },
          "sensitive_attributes": [
            [
              {
                "type": "get_attr",
                "value": "master_auth"
              },
              {
                "type": "index",
                "value": {
                  "value": 0,
                  "type": "number"
                }
              },
              {
                "type": "get_attr",
                "value": "client_key"
              }
            ]
          ],
          "identity_schema_version": 0,
          "private": "eyJlMmJmYjczMC1lY2FhLTExZTYtOGY4OC0zNDM2M2JjN2M0YzAiOnsiY3JlYXRlIjoyNDAwMDAwMDAwMDAwLCJkZWxldGUiOjI0MDAwMDAwMDAwMDAsInJlYWQiOjI0MDAwMDAwMDAwMDAsInVwZGF0ZSI6MzYwMDAwMDAwMDAwMH0sInNjaGVtYV92ZXJzaW9uIjoiMiJ9",
          "dependencies": [
            "google_compute_network.gke",
            "google_compute_subnetwork.gke"
          ]
        }
      ]
    },
    {
      "mode": "managed",
      "type": "google_container_node_pool",
      "name": "primary_nodes",
      "provider": "provider[\"registry.terraform.io/hashicorp/google\"]",
      "instances": [
        {
          "schema_version": 1,
          "attributes": {
            "autoscaling": [
              {
                "location_policy": "ANY",
                "max_node_count": 3,
                "min_node_count": 1,
                "total_max_node_count": 0,
                "total_min_node_count": 0
              }
            ],
            "cluster": "tfm-gke",
            "id": "projects/tfm-kubernetes/locations/us-central1-a/clusters/tfm-gke/nodePools/tfm-gke-pool",
            "initial_node_count": 1,
            "instance_group_urls": [
              "https://www.googleapis.com/compute/v1/projects/tfm-kubernetes/zones/us-central1-a/instanceGroupManagers/gke-tfm-gke-tfm-gke-pool-eca20d9a-grp"
            ],
            "location": "us-central1-a",
            "managed_instance_group_urls": [
              "https://www.googleapis.com/compute/v1/projects/tfm-kubernetes/zones/us-central1-a/instanceGroups/gke-tfm-gke-tfm-gke-pool-eca20d9a-grp"
            ],
            "management": [
              {
                "auto_repair": true,
                "auto_upgrade": true
              }
            ],
            "max_pods_per_node": 110,
            "name": "tfm-gke-pool",
            "name_prefix": "",
            "network_config": [
              {
                "additional_node_network_configs": [],
                "additional_pod_network_configs": [],
                "create_pod_range": false,
                "enable_private_nodes": false,
                "network_performance_config": [],
                "pod_cidr_overprovision_config": [],
                "pod_ipv4_cidr_block": "10.20.0.0/18",
                "pod_range": "tfm-gke-subnet-pods"
              }
            ],
            "node_config": [
              {
                "advanced_machine_features": [],
                "boot_disk_kms_key": "",
                "confidential_nodes": [],
                "containerd_config": [],
                "disk_size_gb": 50,
                "disk_type": "pd-balanced",
                "effective_taints": [],
                "enable_confidential_storage": false,
                "ephemeral_storage_local_ssd_config": [],
                "fast_socket": [],
                "gcfs_config": [],
                "guest_accelerator": [],
                "gvnic": [],
                "host_maintenance_policy": [],
                "image_type": "COS_CONTAINERD",
                "kubelet_config": [
                  {
                    "cpu_cfs_quota": false,
                    "cpu_cfs_quota_period": "",
                    "cpu_manager_policy": "",
                    "insecure_kubelet_readonly_port_enabled": "FALSE",
                    "pod_pids_limit": 0
                  }
                ],
                "labels": {
                  "cost_optimized": "true",
                  "env": "tfm"
                },
                "linux_node_config": [],
                "local_nvme_ssd_block_config": [],
                "local_ssd_count": 0,
                "logging_variant": "DEFAULT",
                "machine_type": "e2-small",
                "metadata": {
                  "disable-legacy-endpoints": "true"
                },
                "min_cpu_platform": "",
                "node_group": "",
                "oauth_scopes": [
                  "https://www.googleapis.com/auth/cloud-platform"
                ],
                "preemptible": false,
                "reservation_affinity": [],
                "resource_labels": {
                  "goog-gke-node-pool-provisioning-model": "spot"
                },
                "resource_manager_tags": {},
                "secondary_boot_disks": [],
                "service_account": "default",
                "shielded_instance_config": [
                  {
                    "enable_integrity_monitoring": true,
                    "enable_secure_boot": true
                  }
                ],
                "sole_tenant_config": [],
                "spot": true,
                "tags": [
                  "gke-node"
                ],
                "taint": [],
                "workload_metadata_config": [
                  {
                    "mode": "GKE_METADATA"
                  }
                ]
              }
            ],
            "node_count": 1,
            "node_locations": [
              "us-central1-a"
            ],
            "operation": null,
            "placement_policy": [],
            "project": "tfm-kubernetes",
            "queued_provisioning": [],
            "timeouts": null,
            "upgrade_settings": [
              {
                "blue_green_settings": [],
                "max_surge": 1,
                "max_unavailable": 0,
                "strategy": "SURGE"
              }
            ],
            "version": "1.33.5-gke.1201000"
          },
          "sensitive_attributes": [],
          "identity_schema_version": 0,
          "private": "eyJlMmJmYjczMC1lY2FhLTExZTYtOGY4OC0zNDM2M2JjN2M0YzAiOnsiY3JlYXRlIjoxODAwMDAwMDAwMDAwLCJkZWxldGUiOjE4MDAwMDAwMDAwMDAsInVwZGF0ZSI6MTgwMDAwMDAwMDAwMH0sInNjaGVtYV92ZXJzaW9uIjoiMSJ9",
          "dependencies": [
            "google_compute_network.gke",
            "google_compute_subnetwork.gke",
            "google_container_cluster.primary"
          ]
        }
      ]
    },
    {
      "mode": "managed",
      "type": "google_storage_bucket",
      "name": "default",
      "provider": "provider[\"registry.terraform.io/hashicorp/google\"]",
      "instances": [
        {
          "schema_version": 2,
          "attributes": {
            "autoclass": [],
            "cors": [],
            "custom_placement_config": [],
            "default_event_based_hold": false,
            "effective_labels": {},
            "enable_object_retention": false,
            "encryption": [],
            "force_destroy": false,
            "id": "7f5107de9d86f00f-terraform-remote-backend",
            "labels": null,
            "lifecycle_rule": [],
            "location": "US",
            "logging": [],
            "name": "7f5107de9d86f00f-terraform-remote-backend",
            "project": "tfm-kubernetes",
            "project_number": 396765187662,
            "public_access_prevention": "enforced",
            "requester_pays": false,
            "retention_policy": [],
            "rpo": "DEFAULT",
            "self_link": "https://www.googleapis.com/storage/v1/b/7f5107de9d86f00f-terraform-remote-backend",
            "soft_delete_policy": [
              {
                "effective_time": "2025-12-02T16:34:53.788Z",
                "retention_duration_seconds": 604800
              }
            ],
            "storage_class": "STANDARD",
            "terraform_labels": {},
            "timeouts": null,
            "uniform_bucket_level_access": true,
            "url": "gs://7f5107de9d86f00f-terraform-remote-backend",
            "versioning": [
              {
                "enabled": true
              }
            ],
            "website": []
          },
          "sensitive_attributes": [],
          "identity_schema_version": 0,
          "private": "eyJlMmJmYjczMC1lY2FhLTExZTYtOGY4OC0zNDM2M2JjN2M0YzAiOnsiY3JlYXRlIjo2MDAwMDAwMDAwMDAsInJlYWQiOjI0MDAwMDAwMDAwMCwidXBkYXRlIjoyNDAwMDAwMDAwMDB9LCJzY2hlbWFfdmVyc2lvbiI6IjIifQ==",
          "dependencies": [
            "random_id.default"
          ]
        }
      ]
    },
    {
      "mode": "managed",
      "type": "local_file",
      "name": "default",
      "provider": "provider[\"registry.terraform.io/hashicorp/local\"]",
      "instances": [
        {
          "schema_version": 0,
          "attributes": {
            "content": "terraform {\n  backend \"gcs\" {\n    bucket = \"7f5107de9d86f00f-terraform-remote-backend\"\n  }\n}\n",
            "content_base64": null,
            "content_base64sha256": "/e93V10QzaDfDHZHdF04xiiDCRiFhCcXJ3c7xZwEj+0=",
            "content_base64sha512": "kVShwWBxKembhOblKOICd5n4OOXmBCZt4foGTAPWQjSRUUc43ZazBNl0utuoy0O6Nn9DaVKSKve2TpGS/oHrUg==",
            "content_md5": "8b0262a69da8eee08bc01d06db92b03a",
            "content_sha1": "f5a779299d1446ac07b34437de6452e5b2b315a5",
            "content_sha256": "fdef77575d10cda0df0c7647745d38c6288309188584271727773bc59c048fed",
            "content_sha512": "9154a1c1607129e99b84e6e528e2027799f838e5e604266de1fa064c03d6423491514738dd96b304d974badba8cb43ba367f436952922af7b64e9192fe81eb52",
            "directory_permission": "0777",
            "file_permission": "0644",
            "filename": "./backend.tf",
            "id": "f5a779299d1446ac07b34437de6452e5b2b315a5",
            "sensitive_content": null,
            "source": null
          },
          "sensitive_attributes": [
            [
              {
                "type": "get_attr",
                "value": "sensitive_content"
              }
            ]
          ],
          "identity_schema_version": 0,
          "dependencies": [
            "google_storage_bucket.default",
            "random_id.default"
          ]
        }
      ]
    },
    {
      "mode": "managed",
      "type": "random_id",
      "name": "default",
      "provider": "provider[\"registry.terraform.io/hashicorp/random\"]",
      "instances": [
        {
          "schema_version": 0,
          "attributes": {
            "b64_std": "f1EH3p2G8A8=",
            "b64_url": "f1EH3p2G8A8",
            "byte_length": 8,
            "dec": "9174122568637411343",
            "hex": "7f5107de9d86f00f",
            "id": "f1EH3p2G8A8",
            "keepers": null,
            "prefix": null
          },
          "sensitive_attributes": [],
          "identity_schema_version": 0
        }
      ]
    }
  ],
  "check_results": null
}
